
Microsoft Visual Studio Solution File, Format Version 12.00
# Visual Studio Version 17
VisualStudioVersion = 17.9.34723.18
MinimumVisualStudioVersion = 10.0.40219.1
Project("{FAE04EC0-301F-11D3-BF4B-00C04F79EFBC}") = "TicketMatic_V2", "TicketMatic_V2\TicketMatic_V2.csproj", "{8E18C516-B013-4070-84E6-17F04F19BF9D}"
EndProject
Global
	GlobalSection(SolutionConfigurationPlatforms) = preSolution
		Debug|Any CPU = Debug|Any CPU
		Release|Any CPU = Release|Any CPU
	EndGlobalSection
	GlobalSection(ProjectConfigurationPlatforms) = postSolution
		{8E18C516-B013-4070-84E6-17F04F19BF9D}.Debug|Any CPU.ActiveCfg = Debug|Any CPU
		{8E18C516-B013-4070-84E6-17F04F19BF9D}.Debug|Any CPU.Build.0 = Debug|Any CPU
		{8E18C516-B013-4070-84E6-17F04F19BF9D}.Release|Any CPU.ActiveCfg = Release|Any CPU
		{8E18C516-B013-4070-84E6-17F04F19BF9D}.Release|Any CPU.Build.0 = Release|Any CPU
	EndGlobalSection
	GlobalSection(SolutionProperties) = preSolution
		HideSolutionNode = FALSE
	EndGlobalSection
	GlobalSection(ExtensibilityGlobals) = postSolution
		SolutionGuid = {117B970B-A900-4FA5-BE1C-D869B7B7C465}
	EndGlobalSection
EndGlobal
